
Microsoft Visual Studio Solution File, Format Version 12.00
# Visual Studio Version 16
VisualStudioVersion = 16.0.30104.148
MinimumVisualStudioVersion = 10.0.40219.1
Project("{8BC9CEB8-8B4A-11D0-8D11-00A0C91BC942}") = "StlContainersConsole", "StlContainersConsole\StlContainersConsole.vcxproj", "{6D87BEC5-4248-4DD3-AE29-A1690F1C151C}"
EndProject
Project("{8BC9CEB8-8B4A-11D0-8D11-00A0C91BC942}") = "MultiThreadingConsole", "MultiThreadingConsole\MultiThreadingConsole.vcxproj", "{CA3D9A65-C88D-43B8-B689-ACAAE3D6F0B0}"
EndProject
Project("{8BC9CEB8-8B4A-11D0-8D11-00A0C91BC942}") = "WaitUntilConsole", "WaitUntilConsole\WaitUntilConsole.vcxproj", "{592482B0-D1C2-488C-A40C-115FB674511E}"
EndProject
Project("{8BC9CEB8-8B4A-11D0-8D11-00A0C91BC942}") = "TemplateConsole", "TemplateConsole\TemplateConsole.vcxproj", "{A450E127-BDA5-4A2F-872D-CECF37A9F795}"
EndProject
Project("{8BC9CEB8-8B4A-11D0-8D11-00A0C91BC942}") = "CommonLibrary", "CommonLibrary\CommonLibrary.vcxproj", "{0D5AFC5B-69F4-4D9F-AEE1-6BBA8DDC30F8}"
EndProject
Global
	GlobalSection(SolutionConfigurationPlatforms) = preSolution
		Debug|x64 = Debug|x64
		Debug|x86 = Debug|x86
		Release|x64 = Release|x64
		Release|x86 = Release|x86
	EndGlobalSection
	GlobalSection(ProjectConfigurationPlatforms) = postSolution
		{6D87BEC5-4248-4DD3-AE29-A1690F1C151C}.Debug|x64.ActiveCfg = Debug|x64
		{6D87BEC5-4248-4DD3-AE29-A1690F1C151C}.Debug|x64.Build.0 = Debug|x64
		{6D87BEC5-4248-4DD3-AE29-A1690F1C151C}.Debug|x86.ActiveCfg = Debug|Win32
		{6D87BEC5-4248-4DD3-AE29-A1690F1C151C}.Debug|x86.Build.0 = Debug|Win32
		{6D87BEC5-4248-4DD3-AE29-A1690F1C151C}.Release|x64.ActiveCfg = Release|x64
		{6D87BEC5-4248-4DD3-AE29-A1690F1C151C}.Release|x64.Build.0 = Release|x64
		{6D87BEC5-4248-4DD3-AE29-A1690F1C151C}.Release|x86.ActiveCfg = Release|Win32
		{6D87BEC5-4248-4DD3-AE29-A1690F1C151C}.Release|x86.Build.0 = Release|Win32
		{CA3D9A65-C88D-43B8-B689-ACAAE3D6F0B0}.Debug|x64.ActiveCfg = Debug|x64
		{CA3D9A65-C88D-43B8-B689-ACAAE3D6F0B0}.Debug|x64.Build.0 = Debug|x64
		{CA3D9A65-C88D-43B8-B689-ACAAE3D6F0B0}.Debug|x86.ActiveCfg = Debug|Win32
		{CA3D9A65-C88D-43B8-B689-ACAAE3D6F0B0}.Debug|x86.Build.0 = Debug|Win32
		{CA3D9A65-C88D-43B8-B689-ACAAE3D6F0B0}.Release|x64.ActiveCfg = Release|x64
		{CA3D9A65-C88D-43B8-B689-ACAAE3D6F0B0}.Release|x64.Build.0 = Release|x64
		{CA3D9A65-C88D-43B8-B689-ACAAE3D6F0B0}.Release|x86.ActiveCfg = Release|Win32
		{CA3D9A65-C88D-43B8-B689-ACAAE3D6F0B0}.Release|x86.Build.0 = Release|Win32
		{592482B0-D1C2-488C-A40C-115FB674511E}.Debug|x64.ActiveCfg = Debug|x64
		{592482B0-D1C2-488C-A40C-115FB674511E}.Debug|x64.Build.0 = Debug|x64
		{592482B0-D1C2-488C-A40C-115FB674511E}.Debug|x86.ActiveCfg = Debug|Win32
		{592482B0-D1C2-488C-A40C-115FB674511E}.Debug|x86.Build.0 = Debug|Win32
		{592482B0-D1C2-488C-A40C-115FB674511E}.Release|x64.ActiveCfg = Release|x64
		{592482B0-D1C2-488C-A40C-115FB674511E}.Release|x64.Build.0 = Release|x64
		{592482B0-D1C2-488C-A40C-115FB674511E}.Release|x86.ActiveCfg = Release|Win32
		{592482B0-D1C2-488C-A40C-115FB674511E}.Release|x86.Build.0 = Release|Win32
		{A450E127-BDA5-4A2F-872D-CECF37A9F795}.Debug|x64.ActiveCfg = Debug|x64
		{A450E127-BDA5-4A2F-872D-CECF37A9F795}.Debug|x64.Build.0 = Debug|x64
		{A450E127-BDA5-4A2F-872D-CECF37A9F795}.Debug|x86.ActiveCfg = Debug|Win32
		{A450E127-BDA5-4A2F-872D-CECF37A9F795}.Debug|x86.Build.0 = Debug|Win32
		{A450E127-BDA5-4A2F-872D-CECF37A9F795}.Release|x64.ActiveCfg = Release|x64
		{A450E127-BDA5-4A2F-872D-CECF37A9F795}.Release|x64.Build.0 = Release|x64
		{A450E127-BDA5-4A2F-872D-CECF37A9F795}.Release|x86.ActiveCfg = Release|Win32
		{A450E127-BDA5-4A2F-872D-CECF37A9F795}.Release|x86.Build.0 = Release|Win32
		{0D5AFC5B-69F4-4D9F-AEE1-6BBA8DDC30F8}.Debug|x64.ActiveCfg = Debug|x64
		{0D5AFC5B-69F4-4D9F-AEE1-6BBA8DDC30F8}.Debug|x64.Build.0 = Debug|x64
		{0D5AFC5B-69F4-4D9F-AEE1-6BBA8DDC30F8}.Debug|x86.ActiveCfg = Debug|Win32
		{0D5AFC5B-69F4-4D9F-AEE1-6BBA8DDC30F8}.Debug|x86.Build.0 = Debug|Win32
		{0D5AFC5B-69F4-4D9F-AEE1-6BBA8DDC30F8}.Release|x64.ActiveCfg = Release|x64
		{0D5AFC5B-69F4-4D9F-AEE1-6BBA8DDC30F8}.Release|x64.Build.0 = Release|x64
		{0D5AFC5B-69F4-4D9F-AEE1-6BBA8DDC30F8}.Release|x86.ActiveCfg = Release|Win32
		{0D5AFC5B-69F4-4D9F-AEE1-6BBA8DDC30F8}.Release|x86.Build.0 = Release|Win32
	EndGlobalSection
	GlobalSection(SolutionProperties) = preSolution
		HideSolutionNode = FALSE
	EndGlobalSection
	GlobalSection(ExtensibilityGlobals) = postSolution
		SolutionGuid = {DC03A8F3-6552-4560-9887-661AB044ACD8}
	EndGlobalSection
EndGlobal
